
Microsoft Visual Studio Solution File, Format Version 12.00
# Visual Studio Version 17
VisualStudioVersion = 17.0.31611.283
MinimumVisualStudioVersion = 10.0.40219.1
Project("{9A19103F-16F7-4668-BE54-9A1E7A4F7556}") = "PC_Client2", "PC_Client2.csproj", "{3383EFDB-EE5C-41C9-8A12-A914A640B8DB}"
EndProject
Project("{FAE04EC0-301F-11D3-BF4B-00C04F79EFBC}") = "SignalRServer", "..\SignalRServer\SignalRServer.csproj", "{7FD2CA2E-02A4-4AAC-845D-038038D676ED}"
EndProject
Global
	GlobalSection(SolutionConfigurationPlatforms) = preSolution
		Debug|Any CPU = Debug|Any CPU
		Release|Any CPU = Release|Any CPU
	EndGlobalSection
	GlobalSection(ProjectConfigurationPlatforms) = postSolution
		{3383EFDB-EE5C-41C9-8A12-A914A640B8DB}.Debug|Any CPU.ActiveCfg = Debug|Any CPU
		{3383EFDB-EE5C-41C9-8A12-A914A640B8DB}.Debug|Any CPU.Build.0 = Debug|Any CPU
		{3383EFDB-EE5C-41C9-8A12-A914A640B8DB}.Debug|Any CPU.Deploy.0 = Debug|Any CPU
		{3383EFDB-EE5C-41C9-8A12-A914A640B8DB}.Release|Any CPU.ActiveCfg = Release|Any CPU
		{3383EFDB-EE5C-41C9-8A12-A914A640B8DB}.Release|Any CPU.Build.0 = Release|Any CPU
		{3383EFDB-EE5C-41C9-8A12-A914A640B8DB}.Release|Any CPU.Deploy.0 = Release|Any CPU
		{7FD2CA2E-02A4-4AAC-845D-038038D676ED}.Debug|Any CPU.ActiveCfg = Debug|Any CPU
		{7FD2CA2E-02A4-4AAC-845D-038038D676ED}.Debug|Any CPU.Build.0 = Debug|Any CPU
		{7FD2CA2E-02A4-4AAC-845D-038038D676ED}.Release|Any CPU.ActiveCfg = Release|Any CPU
		{7FD2CA2E-02A4-4AAC-845D-038038D676ED}.Release|Any CPU.Build.0 = Release|Any CPU
	EndGlobalSection
	GlobalSection(SolutionProperties) = preSolution
		HideSolutionNode = FALSE
	EndGlobalSection
	GlobalSection(ExtensibilityGlobals) = postSolution
		SolutionGuid = {61F7FB11-1E47-470C-91E2-47F8143E1572}
	EndGlobalSection
EndGlobal
